Microsoft Visual Studio Solution File, Format Version 11.00
# Visual Studio 2008

Project("{DEA5251E-486A-ED94-2E1B-C06E1D5C116C}") = "Life", "Assembly-CSharp.csproj", "{BA9C268E-FFE6-A708-0C59-90CC92A4E90B}"
EndProject
Global
	GlobalSection(SolutionConfigurationPlatforms) = preSolution
		Debug|Any CPU = Debug|Any CPU
		Release|Any CPU = Release|Any CPU
	EndGlobalSection
	GlobalSection(ProjectConfigurationPlatforms) = postSolution
		{BA9C268E-FFE6-A708-0C59-90CC92A4E90B}.Debug|Any CPU.ActiveCfg = Debug|Any CPU
		{BA9C268E-FFE6-A708-0C59-90CC92A4E90B}.Debug|Any CPU.Build.0 = Debug|Any CPU
		{BA9C268E-FFE6-A708-0C59-90CC92A4E90B}.Release|Any CPU.ActiveCfg = Release|Any CPU
		{BA9C268E-FFE6-A708-0C59-90CC92A4E90B}.Release|Any CPU.Build.0 = Release|Any CPU
	EndGlobalSection
	GlobalSection(SolutionProperties) = preSolution
		HideSolutionNode = FALSE
	EndGlobalSection
	GlobalSection(MonoDevelopProperties) = preSolution
		StartupItem = Assembly-CSharp.csproj
	EndGlobalSection
EndGlobal
